{
  "version": "5",
  "redirects": {
    "https://esm.sh/@supabase/node-fetch@^2.6.14?target=denonext": "https://esm.sh/@supabase/node-fetch@2.6.15?target=denonext",
    "https://esm.sh/@types/ws@~8.18.1/index.d.mts": "https://esm.sh/@types/ws@8.18.1/index.d.mts",
    "https://esm.sh/bufferutil@^4.0.1?target=denonext": "https://esm.sh/bufferutil@4.0.9?target=denonext",
    "https://esm.sh/node-gyp-build@^4.3.0?target=denonext": "https://esm.sh/node-gyp-build@4.8.4?target=denonext",
    "https://esm.sh/tr46@~0.0.3?target=denonext": "https://esm.sh/tr46@0.0.3?target=denonext",
    "https://esm.sh/utf-8-validate@%3E=5.0.2?target=denonext": "https://esm.sh/utf-8-validate@6.0.5?target=denonext",
    "https://esm.sh/webidl-conversions@^3.0.0?target=denonext": "https://esm.sh/webidl-conversions@3.0.1?target=denonext",
    "https://esm.sh/whatwg-url@^5.0.0?target=denonext": "https://esm.sh/whatwg-url@5.0.0?target=denonext",
    "https://esm.sh/ws@^8.18.0?target=denonext": "https://esm.sh/ws@8.18.3?target=denonext"
  },
  "remote": {
    "https://esm.sh/@supabase/auth-js@2.67.3/denonext/auth-js.mjs": "95cad9d3f1829294d4f277191e4b937ca297a63054f14deccf3ac1dfcd9bd1ad",
    "https://esm.sh/@supabase/functions-js@2.4.4/denonext/functions-js.mjs": "7adeb257410ef3c4a8a1eb9b4ff416c0075d1c32860ca04913c8a9dace1de6a6",
    "https://esm.sh/@supabase/node-fetch@2.6.15/denonext/node-fetch.mjs": "0bae9052231f4f6dbccc7234d05ea96923dbf967be12f402764580b6bf9f713d",
    "https://esm.sh/@supabase/node-fetch@2.6.15?target=denonext": "4d28c4ad97328403184353f68434f2b6973971507919e9150297413664919cf3",
    "https://esm.sh/@supabase/postgrest-js@1.18.0/denonext/postgrest-js.mjs": "abbb69f251c81287f4b10853cd1ce42016cab2930f135727cc3e6d569f304666",
    "https://esm.sh/@supabase/realtime-js@2.11.2/denonext/realtime-js.mjs": "c33ac375b6be89c893f9df844d2525a4ace015a35aa6ba236270d00c6605c7ba",
    "https://esm.sh/@supabase/storage-js@2.7.1/denonext/storage-js.mjs": "73ac8cdc95cfcd794fe603dbd7ce06d539ab51538ae6467eabe0f9cc26c993aa",
    "https://esm.sh/@supabase/supabase-js@2.48.0": "7aba8f6c9d88a2f505859f86fe8120b5d744c30624d2e1ffbc1107fad164d061",
    "https://esm.sh/@supabase/supabase-js@2.48.0/denonext/supabase-js.mjs": "ccb9a9336da6444c04f01de2a24573a8cbd92865c8ec8fd17fcce17fa9d58d31",
    "https://esm.sh/bufferutil@4.0.9/denonext/bufferutil.mjs": "13dca4d5bb2c68cbe119f880fa3bd785b9a81a8e02e0834dae604b4b85295cd8",
    "https://esm.sh/bufferutil@4.0.9?target=denonext": "e32574569ab438facfcc3f412c659b0719bbf05477136ca176938c9a3ac45125",
    "https://esm.sh/node-gyp-build@4.8.4/denonext/node-gyp-build.mjs": "9a86f2d044fc77bd60aaa3d697c2ba1b818da5fb1b9aaeedec59a40b8e908803",
    "https://esm.sh/node-gyp-build@4.8.4?target=denonext": "261a6cedf1fdbf159798141ba1e2311ac1510682c5c8b55dacc8cf5fdee4aa06",
    "https://esm.sh/openai@4.67.2": "90ea0140d23a7c56d600da477e3e6e114c3c23a4e287c270f36363c14ff2c9d4",
    "https://esm.sh/openai@4.67.2/denonext/_shims/MultipartBody.mjs": "bd6fde2623108ada903f07afc9a3f4876654176c02d2783460e6e8132505973b",
    "https://esm.sh/openai@4.67.2/denonext/_shims/auto/runtime.mjs": "f015c0fa18f5f84322c4720bca9fcdd78aeb0ae58ca554198660c8192a9c0a50",
    "https://esm.sh/openai@4.67.2/denonext/_shims/index.mjs": "5e3a6a5e4395088810aca5645a2007887bf2617b133b58a5d61d3f7a9a57868d",
    "https://esm.sh/openai@4.67.2/denonext/_shims/registry.mjs": "3a072a12665b9c941c3e355984953728d624ef134036b5fe77912450673feff3",
    "https://esm.sh/openai@4.67.2/denonext/_shims/web-runtime.mjs": "066a7e57d8e014805981d11662d00da18d14889745da5b3e052b42bd2930d961",
    "https://esm.sh/openai@4.67.2/denonext/_vendor/partial-json-parser/parser.mjs": "c063f44d23923430665fc87ccd842a947f19fe0ccf44f68d3cf9aff261ec93a8",
    "https://esm.sh/openai@4.67.2/denonext/core.mjs": "c01605c72e3008485ec192e8b4a17915ace708fa7de7115b47d39d99056e1aaf",
    "https://esm.sh/openai@4.67.2/denonext/error.mjs": "7213d70974a6e4531039cf24918098b8c182f694f21b4a96af1f309a3795a63c",
    "https://esm.sh/openai@4.67.2/denonext/internal/decoders/line.mjs": "51b379b89c11a26425979a080b105f2afdbdac660e9a28f864e8790015dee33e",
    "https://esm.sh/openai@4.67.2/denonext/internal/qs/formats.mjs": "1deed9618ce497558c831818b1a579ff180f595f0bacab8db2d499ba1aa72108",
    "https://esm.sh/openai@4.67.2/denonext/internal/qs/index.mjs": "cdc890a7a980ab7f663c8e6b65a0e3213a31b7105ea36c75d5c253d2c2325291",
    "https://esm.sh/openai@4.67.2/denonext/internal/qs/stringify.mjs": "dc5f878e4b048f6b05b8f0b2e7bf2658e67d6e46d27f278dd63b617848ad861a",
    "https://esm.sh/openai@4.67.2/denonext/internal/qs/utils.mjs": "1e3d581b62523c6f6a9d3694b83c2c44250d18e2c712ca7e500b332d4dfbb606",
    "https://esm.sh/openai@4.67.2/denonext/lib/AbstractChatCompletionRunner.mjs": "6d7f22abda7c89bb4f560273aae6cb26513fa06c6c261b69b46695f10e9919e6",
    "https://esm.sh/openai@4.67.2/denonext/lib/AssistantStream.mjs": "16f2a30c90e89ea6a87e90a0d3e2232a5dbfc54b51113fe1aa7eae1bb3e81228",
    "https://esm.sh/openai@4.67.2/denonext/lib/ChatCompletionRunner.mjs": "cf4c902b595d46e23bdb9d94e65715561f75abd22250df43371c2105dbc25e80",
    "https://esm.sh/openai@4.67.2/denonext/lib/ChatCompletionStream.mjs": "0c68603b7fdb281e2b0e35c904525103075099ecb6cb27f43a1440aa05f74ee1",
    "https://esm.sh/openai@4.67.2/denonext/lib/ChatCompletionStreamingRunner.mjs": "555a97e3f7da412b8f2fa47b4f40f22c9940dd90342642a1bb4290184aa9f566",
    "https://esm.sh/openai@4.67.2/denonext/lib/EventStream.mjs": "cbbd34c78a77b5b2a8c58cc8f2f2fa8d45d8a052ff0f117b44d9af1f6ed9c595",
    "https://esm.sh/openai@4.67.2/denonext/lib/RunnableFunction.mjs": "fe73e2b93b35bbeb660ac3464a3d979416e4850af3027426496e72229bafabdb",
    "https://esm.sh/openai@4.67.2/denonext/lib/Util.mjs": "67da04754f66531972ac9ac429844d969f955e9b02ebbdca37ffd1313f702292",
    "https://esm.sh/openai@4.67.2/denonext/lib/chatCompletionUtils.mjs": "4ec3941dbea36ce50592aaddc779aa78d9cc290bcf1b342057d2b57de746a84b",
    "https://esm.sh/openai@4.67.2/denonext/lib/parser.mjs": "20b4320432d8ad5d70cbfc0b528054adeaa48a34d9aac01d6e0b8f448842ed2b",
    "https://esm.sh/openai@4.67.2/denonext/openai.mjs": "1d8f68fe154dd94b2232149b775b41b81763ed377da25c4e35075d75daedc640",
    "https://esm.sh/openai@4.67.2/denonext/pagination.mjs": "81afa0982d9492db977ffbaa1a39c754b795f13861bb72da9a233492999a1d63",
    "https://esm.sh/openai@4.67.2/denonext/resource.mjs": "2d8cd99b1b71db2526aa29bd2df2a38f841b5aaaeca040ab38ac0e64da183ee2",
    "https://esm.sh/openai@4.67.2/denonext/resources/audio/audio.mjs": "5ce42b219e9a3996a281256b8e07485c926fbef4fef36b46f2df5a235acf83f6",
    "https://esm.sh/openai@4.67.2/denonext/resources/audio/speech.mjs": "08e3b328b25abad59351d0c9170c7475bc0793406a04c2e6cf9d9a03396b1e5e",
    "https://esm.sh/openai@4.67.2/denonext/resources/audio/transcriptions.mjs": "87ef21e674f512188f66daf2da0167e7339d3f2d573d59c4989352e964d88f09",
    "https://esm.sh/openai@4.67.2/denonext/resources/audio/translations.mjs": "42314c5358f6129595f5497da47bede20ca3da902adb2d432900e7646d5f1ca2",
    "https://esm.sh/openai@4.67.2/denonext/resources/batches.mjs": "67ba2dc92dbd6b8c589763bb398999e51a35aec1ba3708948cfb76aed00c7569",
    "https://esm.sh/openai@4.67.2/denonext/resources/beta/assistants.mjs": "f02f4c338ad912d9f0af47ecb8f801969705b99005e9bb10762e48349fe53961",
    "https://esm.sh/openai@4.67.2/denonext/resources/beta/beta.mjs": "ba0501a5a4f1a02a7c9a4a0ef016eb1aa93f9105f3088296eedef90e09c30e0d",
    "https://esm.sh/openai@4.67.2/denonext/resources/beta/chat/chat.mjs": "d826760a056b2e4c3793a06bcf75222aa92fcbc58debb1b8707b25cbfd414852",
    "https://esm.sh/openai@4.67.2/denonext/resources/beta/chat/completions.mjs": "327e31c77b693e6c96ae69d78235d20bfe2156f3245be6c7745b614721612f11",
    "https://esm.sh/openai@4.67.2/denonext/resources/beta/threads/messages.mjs": "6aa6218efc348ca2a22d9d5c9bb71b1ff72210a54c216f5413b6ae972440f955",
    "https://esm.sh/openai@4.67.2/denonext/resources/beta/threads/runs/runs.mjs": "045ba784809cc6d38316573331b0882c167884119a985bf022ed6b69322920e1",
    "https://esm.sh/openai@4.67.2/denonext/resources/beta/threads/runs/steps.mjs": "a85edb39d224f3571a76a22c814f8594e84673084ebd46b6b1ac30ae485e8948",
    "https://esm.sh/openai@4.67.2/denonext/resources/beta/threads/threads.mjs": "4079b5e9d2156e69e70ca128e15baeee8a135505f3207a5cb97315ef0981fe70",
    "https://esm.sh/openai@4.67.2/denonext/resources/beta/vector-stores/file-batches.mjs": "70266979b5934cc28bbc7659b27314d02bf5807e73671b7f0c053b484d5c4b43",
    "https://esm.sh/openai@4.67.2/denonext/resources/beta/vector-stores/files.mjs": "6c34ceb2e891a3f68ace726e321921a2044900084e82b69b33a58a0d06680d29",
    "https://esm.sh/openai@4.67.2/denonext/resources/beta/vector-stores/vector-stores.mjs": "fc09b20311d19c49f26d5bff93104acd51019913eefabc5ed04bb50b5d4d6847",
    "https://esm.sh/openai@4.67.2/denonext/resources/chat/chat.mjs": "2dccd79baffc13226135d571440489aac9518067916759114d6bbad21cd2d097",
    "https://esm.sh/openai@4.67.2/denonext/resources/chat/completions.mjs": "6ef86714d66cf0c500ebc94742af1b7e8772c46de29ae1d4c20835d60deb181c",
    "https://esm.sh/openai@4.67.2/denonext/resources/chat/index.mjs": "59bfa094818bdf49d99465ee50b6b4bc97cd1763b1d4657f5a04701eefe99c67",
    "https://esm.sh/openai@4.67.2/denonext/resources/completions.mjs": "527c0572a706d3f475e4f944ecb175faa082b9f46628a00c1484b8ade2a1dc74",
    "https://esm.sh/openai@4.67.2/denonext/resources/embeddings.mjs": "85e22df86f9a4e02dbe806ed4b3355df388f819bbbed3359ade880528bac4986",
    "https://esm.sh/openai@4.67.2/denonext/resources/files.mjs": "a1643928a656cf0c6dda55d37419c76f7483eda284ea2f2d66a3746f82ac7df5",
    "https://esm.sh/openai@4.67.2/denonext/resources/fine-tuning/fine-tuning.mjs": "5364af6ae8927d132c52863fc19b62bb788c47db55041d4eda605c8179a54186",
    "https://esm.sh/openai@4.67.2/denonext/resources/fine-tuning/jobs/checkpoints.mjs": "45cec5e0541e8fc903e85061a8ab7fbb9685655da867e7595092216e8d4a7b3e",
    "https://esm.sh/openai@4.67.2/denonext/resources/fine-tuning/jobs/jobs.mjs": "777512c4dfef5f120e2da3204baefd973c966b3f0c1d88785158318ec1e89181",
    "https://esm.sh/openai@4.67.2/denonext/resources/images.mjs": "e812a7e3d30dbd1e4ade4c39cb51fced984e2f8643797b3c0e6f0d48e75820f8",
    "https://esm.sh/openai@4.67.2/denonext/resources/index.mjs": "12fdcedd2d1821075682baf78627ea7f0d9c4eaf47f4438190d49aec845fc274",
    "https://esm.sh/openai@4.67.2/denonext/resources/models.mjs": "b04de81ae7e1d6f541b24b3d055d60de3db91cad32564839ea724176466e9a71",
    "https://esm.sh/openai@4.67.2/denonext/resources/moderations.mjs": "91ddd9e09fa98c5ee870b245184a07a6c0db54c8ccb6d3ed98287bacd16c519d",
    "https://esm.sh/openai@4.67.2/denonext/resources/shared.mjs": "65b67df4134de2bb6c16d0cf6cf84a7250c4f5625e9a5e5796ec032344b25a78",
    "https://esm.sh/openai@4.67.2/denonext/resources/uploads/parts.mjs": "663beb0ac81a415393275f5bb03dda73d5bc3d802c9da6bc871f32b950822362",
    "https://esm.sh/openai@4.67.2/denonext/resources/uploads/uploads.mjs": "9118fcedbad3cd2e77524719d0fc01a30979eeee29029102f475fc85bdb6056c",
    "https://esm.sh/openai@4.67.2/denonext/streaming.mjs": "161eccad331ab4bb273ce0f92ec3ba454c9c1636335129707db895a3207c4590",
    "https://esm.sh/openai@4.67.2/denonext/uploads.mjs": "122fb620f2e3ba0427ac1575b9fb07e0c91b0150d7d796ce1e01b5b06bc4d749",
    "https://esm.sh/openai@4.67.2/denonext/version.mjs": "c0a116671fc17abbf6fbd97790d4d8346ff4b11cedfd88311fa459e69175497b",
    "https://esm.sh/tr46@0.0.3/denonext/tr46.mjs": "5753ec0a99414f4055f0c1f97691100f13d88e48a8443b00aebb90a512785fa2",
    "https://esm.sh/tr46@0.0.3?target=denonext": "19cb9be0f0d418a0c3abb81f2df31f080e9540a04e43b0f699bce1149cba0cbb",
    "https://esm.sh/utf-8-validate@6.0.5/denonext/utf-8-validate.mjs": "66b8ea532a0c745068f5b96ddb1bae332c3036703243541d2e89e66331974d98",
    "https://esm.sh/utf-8-validate@6.0.5?target=denonext": "071bc33ba1a58297e23a34d69dd589fd06df04b0f373b382ff5da544a623f271",
    "https://esm.sh/webidl-conversions@3.0.1/denonext/webidl-conversions.mjs": "238cd0743827707cbc1c2d7c2cf1027dbc536fb53ec9a3fde0ff8026a3ac5385",
    "https://esm.sh/webidl-conversions@3.0.1?target=denonext": "4e20318d50528084616c79d7b3f6e7f0fe7b6d09013bd01b3974d7448d767e29",
    "https://esm.sh/whatwg-url@5.0.0/denonext/whatwg-url.mjs": "29b16d74ee72624c915745bbd25b617cfd2248c6af0f5120d131e232a9a9af79",
    "https://esm.sh/whatwg-url@5.0.0?target=denonext": "f001a2cadf81312d214ca330033f474e74d81a003e21e8c5d70a1f46dc97b02d",
    "https://esm.sh/ws@8.18.3/denonext/ws.mjs": "063ab2c92e0908d060e4de414b74e941fbd1b3ccedfce35cc965703a8a3f86c1",
    "https://esm.sh/ws@8.18.3?target=denonext": "a5ca9d7990fc419fd8b8d06d0855bb64688769e6bb887ba07d36c13172f882b5"
  },
  "workspace": {
    "packageJson": {
      "dependencies": [
        "npm:@babel/core@^7.25.2",
        "npm:@expo/metro-runtime@~6.1.2",
        "npm:@gorhom/bottom-sheet@^5.2.6",
        "npm:@react-native-async-storage/async-storage@2.2.0",
        "npm:@react-native-community/datetimepicker@8.4.4",
        "npm:@reduxjs/toolkit@^2.9.0",
        "npm:@supabase/supabase-js@^2.78.0",
        "npm:@types/react@~19.0.10",
        "npm:@typescript-eslint/eslint-plugin@^8.43.0",
        "npm:@typescript-eslint/parser@^8.43.0",
        "npm:eslint-config-prettier@^10.1.8",
        "npm:eslint-import-resolver-typescript@^4.4.4",
        "npm:eslint-plugin-import@^2.32.0",
        "npm:eslint-plugin-react-hooks@^5.2.0",
        "npm:eslint-plugin-react-native@5",
        "npm:eslint-plugin-react@^7.37.5",
        "npm:eslint@^9.35.0",
        "npm:expo-build-properties@^1.0.9",
        "npm:expo-calendar@~15.0.7",
        "npm:expo-clipboard@~8.0.7",
        "npm:expo-dev-client@~6.0.18",
        "npm:expo-file-system@~19.0.19",
        "npm:expo-linear-gradient@~15.0.7",
        "npm:expo-linking@~8.0.9",
        "npm:expo-localization@~17.0.7",
        "npm:expo-location@~19.0.7",
        "npm:expo-router@^6.0.7",
        "npm:expo-share-intent@5.0.0",
        "npm:expo-status-bar@~3.0.8",
        "npm:expo-updates@~29.0.13",
        "npm:expo@54",
        "npm:i18next@^25.5.2",
        "npm:patch-package@^8.0.1",
        "npm:prettier@^3.6.2",
        "npm:react-dom@19.1.0",
        "npm:react-hook-form@^7.62.0",
        "npm:react-i18next@^15.7.3",
        "npm:react-native-gesture-handler@2.28",
        "npm:react-native-maps@1.20.1",
        "npm:react-native-paper@^5.14.5",
        "npm:react-native-reanimated@~4.1.1",
        "npm:react-native-safe-area-context@5.6",
        "npm:react-native-screens@4.16",
        "npm:react-native-svg@15.12.1",
        "npm:react-native-url-polyfill@3",
        "npm:react-native-web@0.21",
        "npm:react-native-worklets@0.5.0",
        "npm:react-native@0.81.5",
        "npm:react-redux@^9.2.0",
        "npm:react@19.1.0",
        "npm:redux-persist@6",
        "npm:redux-saga@^1.3.0",
        "npm:typescript@~5.8.3",
        "npm:zod@^4.1.5"
      ]
    }
  }
}
